
Microsoft Visual Studio Solution File, Format Version 12.00
# Visual Studio 15
VisualStudioVersion = 15.0.27004.2008
MinimumVisualStudioVersion = 10.0.40219.1
Project("{FAE04EC0-301F-11D3-BF4B-00C04F79EFBC}") = "Skype.VoiceAttachments.QuakerBot", "QuakerBot\Skype.VoiceAttachments.QuakerBot.csproj", "{A8BA1066-5695-4D71-ABB4-65E5A5E0C3D4}"
EndProject
Project("{FAE04EC0-301F-11D3-BF4B-00C04F79EFBC}") = "Skype.IVRBot", "Skype.IVRBot\Skype.IVRBot.csproj", "{4560447E-F422-41A9-9671-A77587A16C24}"
EndProject
Project("{FAE04EC0-301F-11D3-BF4B-00C04F79EFBC}") = "Bot.Multipurpose", "Bot.Multipurpose\Bot.Multipurpose.csproj", "{02003F6C-36CF-4E75-88B3-A623FCA982E4}"
EndProject
Project("{FAE04EC0-301F-11D3-BF4B-00C04F79EFBC}") = "AgentTransferBot", "HumanHandOff\AgentTransferBot.csproj", "{25DC47EE-BAF7-44A8-BBB1-D402329B8225}"
EndProject
Project("{FAE04EC0-301F-11D3-BF4B-00C04F79EFBC}") = "Bots.POC.UnitTest", "Bot.Multipurpose.UnitTest\Bots.POC.UnitTest.csproj", "{99783767-7518-481F-8057-089B2B68144C}"
EndProject
Project("{9A19103F-16F7-4668-BE54-9A1E7A4F7556}") = "LoadQnAData", "LoadQnAData\LoadQnAData.csproj", "{060BB51B-546B-47C0-9C08-9D046279A33B}"
EndProject
Project("{9A19103F-16F7-4668-BE54-9A1E7A4F7556}") = "LoadMenuFromXML", "LoadMenuFromXML\LoadMenuFromXML.csproj", "{5507C3B7-A9E2-421D-B078-A605461C65D3}"
EndProject
Project("{FAE04EC0-301F-11D3-BF4B-00C04F79EFBC}") = "SPOnlineCSOM", "SPOnlineCSOM\SPOnlineCSOM.csproj", "{6F637044-47AC-44C3-8B5C-350CF94B6CBF}"
EndProject
Project("{2150E333-8FDC-42A3-9474-1A3956D46DE8}") = "02 ServiceFabric", "02 ServiceFabric", "{B0ADEEA7-EFD6-4246-BDA9-0F9E2A402EC5}"
EndProject
Project("{2150E333-8FDC-42A3-9474-1A3956D46DE8}") = "01 Bots", "01 Bots", "{4EAA65C9-F612-4DAB-BFDA-F71F711286EA}"
EndProject
Project("{2150E333-8FDC-42A3-9474-1A3956D46DE8}") = "03 Misc", "03 Misc", "{FBB0909F-9BC5-4708-AF2F-9E6B8639EDE8}"
EndProject
Project("{FAE04EC0-301F-11D3-BF4B-00C04F79EFBC}") = "LUISApiV2.0_Test", "LUISApiV2.0_Test\LUISApiV2.0_Test.csproj", "{F1F98EE2-694C-4459-9AAA-71A1871EA76C}"
EndProject
Project("{9A19103F-16F7-4668-BE54-9A1E7A4F7556}") = "LUISApiTestCore", "LUISApiTestCore\LUISApiTestCore.csproj", "{B1EB1569-A2BA-41F3-B393-57F5BE5D2139}"
EndProject
Project("{151D2E53-A2C4-4D7D-83FE-D05416EBD58E}") = "BotDeploymentARMTemplate", "BotDeploymentARMTemplate\BotDeploymentARMTemplate.deployproj", "{0ECCAC75-0221-43CF-A4F9-A0A766CA651E}"
EndProject
Global
	GlobalSection(SolutionConfigurationPlatforms) = preSolution
		Debug|Any CPU = Debug|Any CPU
		Debug|x64 = Debug|x64
		Release|Any CPU = Release|Any CPU
		Release|x64 = Release|x64
	EndGlobalSection
	GlobalSection(ProjectConfigurationPlatforms) = postSolution
		{A8BA1066-5695-4D71-ABB4-65E5A5E0C3D4}.Debug|Any CPU.ActiveCfg = Debug|Any CPU
		{A8BA1066-5695-4D71-ABB4-65E5A5E0C3D4}.Debug|Any CPU.Build.0 = Debug|Any CPU
		{A8BA1066-5695-4D71-ABB4-65E5A5E0C3D4}.Debug|x64.ActiveCfg = Debug|Any CPU
		{A8BA1066-5695-4D71-ABB4-65E5A5E0C3D4}.Debug|x64.Build.0 = Debug|Any CPU
		{A8BA1066-5695-4D71-ABB4-65E5A5E0C3D4}.Release|Any CPU.ActiveCfg = Release|Any CPU
		{A8BA1066-5695-4D71-ABB4-65E5A5E0C3D4}.Release|Any CPU.Build.0 = Release|Any CPU
		{A8BA1066-5695-4D71-ABB4-65E5A5E0C3D4}.Release|x64.ActiveCfg = Release|Any CPU
		{A8BA1066-5695-4D71-ABB4-65E5A5E0C3D4}.Release|x64.Build.0 = Release|Any CPU
		{4560447E-F422-41A9-9671-A77587A16C24}.Debug|Any CPU.ActiveCfg = Debug|Any CPU
		{4560447E-F422-41A9-9671-A77587A16C24}.Debug|Any CPU.Build.0 = Debug|Any CPU
		{4560447E-F422-41A9-9671-A77587A16C24}.Debug|x64.ActiveCfg = Debug|Any CPU
		{4560447E-F422-41A9-9671-A77587A16C24}.Debug|x64.Build.0 = Debug|Any CPU
		{4560447E-F422-41A9-9671-A77587A16C24}.Release|Any CPU.ActiveCfg = Release|Any CPU
		{4560447E-F422-41A9-9671-A77587A16C24}.Release|Any CPU.Build.0 = Release|Any CPU
		{4560447E-F422-41A9-9671-A77587A16C24}.Release|x64.ActiveCfg = Release|Any CPU
		{4560447E-F422-41A9-9671-A77587A16C24}.Release|x64.Build.0 = Release|Any CPU
		{02003F6C-36CF-4E75-88B3-A623FCA982E4}.Debug|Any CPU.ActiveCfg = Debug|Any CPU
		{02003F6C-36CF-4E75-88B3-A623FCA982E4}.Debug|Any CPU.Build.0 = Debug|Any CPU
		{02003F6C-36CF-4E75-88B3-A623FCA982E4}.Debug|x64.ActiveCfg = Debug|Any CPU
		{02003F6C-36CF-4E75-88B3-A623FCA982E4}.Debug|x64.Build.0 = Debug|Any CPU
		{02003F6C-36CF-4E75-88B3-A623FCA982E4}.Release|Any CPU.ActiveCfg = Release|Any CPU
		{02003F6C-36CF-4E75-88B3-A623FCA982E4}.Release|Any CPU.Build.0 = Release|Any CPU
		{02003F6C-36CF-4E75-88B3-A623FCA982E4}.Release|x64.ActiveCfg = Release|Any CPU
		{02003F6C-36CF-4E75-88B3-A623FCA982E4}.Release|x64.Build.0 = Release|Any CPU
		{25DC47EE-BAF7-44A8-BBB1-D402329B8225}.Debug|Any CPU.ActiveCfg = Debug|Any CPU
		{25DC47EE-BAF7-44A8-BBB1-D402329B8225}.Debug|Any CPU.Build.0 = Debug|Any CPU
		{25DC47EE-BAF7-44A8-BBB1-D402329B8225}.Debug|x64.ActiveCfg = Debug|Any CPU
		{25DC47EE-BAF7-44A8-BBB1-D402329B8225}.Debug|x64.Build.0 = Debug|Any CPU
		{25DC47EE-BAF7-44A8-BBB1-D402329B8225}.Release|Any CPU.ActiveCfg = Release|Any CPU
		{25DC47EE-BAF7-44A8-BBB1-D402329B8225}.Release|Any CPU.Build.0 = Release|Any CPU
		{25DC47EE-BAF7-44A8-BBB1-D402329B8225}.Release|x64.ActiveCfg = Release|Any CPU
		{25DC47EE-BAF7-44A8-BBB1-D402329B8225}.Release|x64.Build.0 = Release|Any CPU
		{99783767-7518-481F-8057-089B2B68144C}.Debug|Any CPU.ActiveCfg = Debug|Any CPU
		{99783767-7518-481F-8057-089B2B68144C}.Debug|Any CPU.Build.0 = Debug|Any CPU
		{99783767-7518-481F-8057-089B2B68144C}.Debug|x64.ActiveCfg = Debug|Any CPU
		{99783767-7518-481F-8057-089B2B68144C}.Debug|x64.Build.0 = Debug|Any CPU
		{99783767-7518-481F-8057-089B2B68144C}.Release|Any CPU.ActiveCfg = Release|Any CPU
		{99783767-7518-481F-8057-089B2B68144C}.Release|Any CPU.Build.0 = Release|Any CPU
		{99783767-7518-481F-8057-089B2B68144C}.Release|x64.ActiveCfg = Release|Any CPU
		{99783767-7518-481F-8057-089B2B68144C}.Release|x64.Build.0 = Release|Any CPU
		{060BB51B-546B-47C0-9C08-9D046279A33B}.Debug|Any CPU.ActiveCfg = Debug|Any CPU
		{060BB51B-546B-47C0-9C08-9D046279A33B}.Debug|Any CPU.Build.0 = Debug|Any CPU
		{060BB51B-546B-47C0-9C08-9D046279A33B}.Debug|x64.ActiveCfg = Debug|Any CPU
		{060BB51B-546B-47C0-9C08-9D046279A33B}.Debug|x64.Build.0 = Debug|Any CPU
		{060BB51B-546B-47C0-9C08-9D046279A33B}.Release|Any CPU.ActiveCfg = Release|Any CPU
		{060BB51B-546B-47C0-9C08-9D046279A33B}.Release|Any CPU.Build.0 = Release|Any CPU
		{060BB51B-546B-47C0-9C08-9D046279A33B}.Release|x64.ActiveCfg = Release|Any CPU
		{060BB51B-546B-47C0-9C08-9D046279A33B}.Release|x64.Build.0 = Release|Any CPU
		{5507C3B7-A9E2-421D-B078-A605461C65D3}.Debug|Any CPU.ActiveCfg = Debug|Any CPU
		{5507C3B7-A9E2-421D-B078-A605461C65D3}.Debug|Any CPU.Build.0 = Debug|Any CPU
		{5507C3B7-A9E2-421D-B078-A605461C65D3}.Debug|x64.ActiveCfg = Debug|Any CPU
		{5507C3B7-A9E2-421D-B078-A605461C65D3}.Debug|x64.Build.0 = Debug|Any CPU
		{5507C3B7-A9E2-421D-B078-A605461C65D3}.Release|Any CPU.ActiveCfg = Release|Any CPU
		{5507C3B7-A9E2-421D-B078-A605461C65D3}.Release|Any CPU.Build.0 = Release|Any CPU
		{5507C3B7-A9E2-421D-B078-A605461C65D3}.Release|x64.ActiveCfg = Release|Any CPU
		{5507C3B7-A9E2-421D-B078-A605461C65D3}.Release|x64.Build.0 = Release|Any CPU
		{6F637044-47AC-44C3-8B5C-350CF94B6CBF}.Debug|Any CPU.ActiveCfg = Debug|Any CPU
		{6F637044-47AC-44C3-8B5C-350CF94B6CBF}.Debug|Any CPU.Build.0 = Debug|Any CPU
		{6F637044-47AC-44C3-8B5C-350CF94B6CBF}.Debug|x64.ActiveCfg = Debug|Any CPU
		{6F637044-47AC-44C3-8B5C-350CF94B6CBF}.Debug|x64.Build.0 = Debug|Any CPU
		{6F637044-47AC-44C3-8B5C-350CF94B6CBF}.Release|Any CPU.ActiveCfg = Release|Any CPU
		{6F637044-47AC-44C3-8B5C-350CF94B6CBF}.Release|Any CPU.Build.0 = Release|Any CPU
		{6F637044-47AC-44C3-8B5C-350CF94B6CBF}.Release|x64.ActiveCfg = Release|Any CPU
		{6F637044-47AC-44C3-8B5C-350CF94B6CBF}.Release|x64.Build.0 = Release|Any CPU
		{F1F98EE2-694C-4459-9AAA-71A1871EA76C}.Debug|Any CPU.ActiveCfg = Debug|Any CPU
		{F1F98EE2-694C-4459-9AAA-71A1871EA76C}.Debug|Any CPU.Build.0 = Debug|Any CPU
		{F1F98EE2-694C-4459-9AAA-71A1871EA76C}.Debug|x64.ActiveCfg = Debug|Any CPU
		{F1F98EE2-694C-4459-9AAA-71A1871EA76C}.Debug|x64.Build.0 = Debug|Any CPU
		{F1F98EE2-694C-4459-9AAA-71A1871EA76C}.Release|Any CPU.ActiveCfg = Release|Any CPU
		{F1F98EE2-694C-4459-9AAA-71A1871EA76C}.Release|Any CPU.Build.0 = Release|Any CPU
		{F1F98EE2-694C-4459-9AAA-71A1871EA76C}.Release|x64.ActiveCfg = Release|Any CPU
		{F1F98EE2-694C-4459-9AAA-71A1871EA76C}.Release|x64.Build.0 = Release|Any CPU
		{B1EB1569-A2BA-41F3-B393-57F5BE5D2139}.Debug|Any CPU.ActiveCfg = Debug|Any CPU
		{B1EB1569-A2BA-41F3-B393-57F5BE5D2139}.Debug|Any CPU.Build.0 = Debug|Any CPU
		{B1EB1569-A2BA-41F3-B393-57F5BE5D2139}.Debug|x64.ActiveCfg = Debug|Any CPU
		{B1EB1569-A2BA-41F3-B393-57F5BE5D2139}.Debug|x64.Build.0 = Debug|Any CPU
		{B1EB1569-A2BA-41F3-B393-57F5BE5D2139}.Release|Any CPU.ActiveCfg = Release|Any CPU
		{B1EB1569-A2BA-41F3-B393-57F5BE5D2139}.Release|Any CPU.Build.0 = Release|Any CPU
		{B1EB1569-A2BA-41F3-B393-57F5BE5D2139}.Release|x64.ActiveCfg = Release|Any CPU
		{B1EB1569-A2BA-41F3-B393-57F5BE5D2139}.Release|x64.Build.0 = Release|Any CPU
		{0ECCAC75-0221-43CF-A4F9-A0A766CA651E}.Debug|Any CPU.ActiveCfg = Debug|Any CPU
		{0ECCAC75-0221-43CF-A4F9-A0A766CA651E}.Debug|Any CPU.Build.0 = Debug|Any CPU
		{0ECCAC75-0221-43CF-A4F9-A0A766CA651E}.Debug|x64.ActiveCfg = Debug|Any CPU
		{0ECCAC75-0221-43CF-A4F9-A0A766CA651E}.Debug|x64.Build.0 = Debug|Any CPU
		{0ECCAC75-0221-43CF-A4F9-A0A766CA651E}.Release|Any CPU.ActiveCfg = Release|Any CPU
		{0ECCAC75-0221-43CF-A4F9-A0A766CA651E}.Release|Any CPU.Build.0 = Release|Any CPU
		{0ECCAC75-0221-43CF-A4F9-A0A766CA651E}.Release|x64.ActiveCfg = Release|Any CPU
		{0ECCAC75-0221-43CF-A4F9-A0A766CA651E}.Release|x64.Build.0 = Release|Any CPU
	EndGlobalSection
	GlobalSection(SolutionProperties) = preSolution
		HideSolutionNode = FALSE
	EndGlobalSection
	GlobalSection(NestedProjects) = preSolution
		{A8BA1066-5695-4D71-ABB4-65E5A5E0C3D4} = {4EAA65C9-F612-4DAB-BFDA-F71F711286EA}
		{4560447E-F422-41A9-9671-A77587A16C24} = {4EAA65C9-F612-4DAB-BFDA-F71F711286EA}
		{02003F6C-36CF-4E75-88B3-A623FCA982E4} = {4EAA65C9-F612-4DAB-BFDA-F71F711286EA}
		{25DC47EE-BAF7-44A8-BBB1-D402329B8225} = {4EAA65C9-F612-4DAB-BFDA-F71F711286EA}
		{99783767-7518-481F-8057-089B2B68144C} = {4EAA65C9-F612-4DAB-BFDA-F71F711286EA}
		{060BB51B-546B-47C0-9C08-9D046279A33B} = {FBB0909F-9BC5-4708-AF2F-9E6B8639EDE8}
		{5507C3B7-A9E2-421D-B078-A605461C65D3} = {FBB0909F-9BC5-4708-AF2F-9E6B8639EDE8}
		{6F637044-47AC-44C3-8B5C-350CF94B6CBF} = {FBB0909F-9BC5-4708-AF2F-9E6B8639EDE8}
		{F1F98EE2-694C-4459-9AAA-71A1871EA76C} = {FBB0909F-9BC5-4708-AF2F-9E6B8639EDE8}
		{B1EB1569-A2BA-41F3-B393-57F5BE5D2139} = {FBB0909F-9BC5-4708-AF2F-9E6B8639EDE8}
		{0ECCAC75-0221-43CF-A4F9-A0A766CA651E} = {4EAA65C9-F612-4DAB-BFDA-F71F711286EA}
	EndGlobalSection
	GlobalSection(ExtensibilityGlobals) = postSolution
		SolutionGuid = {11D85BF3-3E60-4241-B199-AAD043E8E8CD}
	EndGlobalSection
EndGlobal
