
Microsoft Visual Studio Solution File, Format Version 12.00
# Visual Studio 15
VisualStudioVersion = 15.0.27004.2008
MinimumVisualStudioVersion = 10.0.40219.1
Project("{FAE04EC0-301F-11D3-BF4B-00C04F79EFBC}") = "Skype.VoiceAttachments.QuakerBot", "QuakerBot\Skype.VoiceAttachments.QuakerBot.csproj", "{A8BA1066-5695-4D71-ABB4-65E5A5E0C3D4}"
EndProject
Project("{FAE04EC0-301F-11D3-BF4B-00C04F79EFBC}") = "Skype.IVRBot", "Skype.IVRBot\Skype.IVRBot.csproj", "{4560447E-F422-41A9-9671-A77587A16C24}"
EndProject
Project("{FAE04EC0-301F-11D3-BF4B-00C04F79EFBC}") = "Bot.Multipurpose", "Bot.Multipurpose\Bot.Multipurpose.csproj", "{02003F6C-36CF-4E75-88B3-A623FCA982E4}"
EndProject
Project("{FAE04EC0-301F-11D3-BF4B-00C04F79EFBC}") = "AgentTransferBot", "HumanHandOff\AgentTransferBot.csproj", "{25DC47EE-BAF7-44A8-BBB1-D402329B8225}"
EndProject
Project("{FAE04EC0-301F-11D3-BF4B-00C04F79EFBC}") = "Bots.POC.UnitTest", "Bot.Multipurpose.UnitTest\Bots.POC.UnitTest.csproj", "{99783767-7518-481F-8057-089B2B68144C}"
EndProject
Project("{FAE04EC0-301F-11D3-BF4B-00C04F79EFBC}") = "LoadQnAData", "LoadQnAData\LoadQnAData.csproj", "{060BB51B-546B-47C0-9C08-9D046279A33B}"
EndProject
Global
	GlobalSection(SolutionConfigurationPlatforms) = preSolution
		Debug|Any CPU = Debug|Any CPU
		Release|Any CPU = Release|Any CPU
	EndGlobalSection
	GlobalSection(ProjectConfigurationPlatforms) = postSolution
		{A8BA1066-5695-4D71-ABB4-65E5A5E0C3D4}.Debug|Any CPU.ActiveCfg = Debug|Any CPU
		{A8BA1066-5695-4D71-ABB4-65E5A5E0C3D4}.Debug|Any CPU.Build.0 = Debug|Any CPU
		{A8BA1066-5695-4D71-ABB4-65E5A5E0C3D4}.Release|Any CPU.ActiveCfg = Release|Any CPU
		{A8BA1066-5695-4D71-ABB4-65E5A5E0C3D4}.Release|Any CPU.Build.0 = Release|Any CPU
		{4560447E-F422-41A9-9671-A77587A16C24}.Debug|Any CPU.ActiveCfg = Debug|Any CPU
		{4560447E-F422-41A9-9671-A77587A16C24}.Debug|Any CPU.Build.0 = Debug|Any CPU
		{4560447E-F422-41A9-9671-A77587A16C24}.Release|Any CPU.ActiveCfg = Release|Any CPU
		{4560447E-F422-41A9-9671-A77587A16C24}.Release|Any CPU.Build.0 = Release|Any CPU
		{02003F6C-36CF-4E75-88B3-A623FCA982E4}.Debug|Any CPU.ActiveCfg = Debug|Any CPU
		{02003F6C-36CF-4E75-88B3-A623FCA982E4}.Debug|Any CPU.Build.0 = Debug|Any CPU
		{02003F6C-36CF-4E75-88B3-A623FCA982E4}.Release|Any CPU.ActiveCfg = Release|Any CPU
		{02003F6C-36CF-4E75-88B3-A623FCA982E4}.Release|Any CPU.Build.0 = Release|Any CPU
		{25DC47EE-BAF7-44A8-BBB1-D402329B8225}.Debug|Any CPU.ActiveCfg = Debug|Any CPU
		{25DC47EE-BAF7-44A8-BBB1-D402329B8225}.Debug|Any CPU.Build.0 = Debug|Any CPU
		{25DC47EE-BAF7-44A8-BBB1-D402329B8225}.Release|Any CPU.ActiveCfg = Release|Any CPU
		{25DC47EE-BAF7-44A8-BBB1-D402329B8225}.Release|Any CPU.Build.0 = Release|Any CPU
		{99783767-7518-481F-8057-089B2B68144C}.Debug|Any CPU.ActiveCfg = Debug|Any CPU
		{99783767-7518-481F-8057-089B2B68144C}.Debug|Any CPU.Build.0 = Debug|Any CPU
		{99783767-7518-481F-8057-089B2B68144C}.Release|Any CPU.ActiveCfg = Release|Any CPU
		{99783767-7518-481F-8057-089B2B68144C}.Release|Any CPU.Build.0 = Release|Any CPU
		{060BB51B-546B-47C0-9C08-9D046279A33B}.Debug|Any CPU.ActiveCfg = Debug|Any CPU
		{060BB51B-546B-47C0-9C08-9D046279A33B}.Debug|Any CPU.Build.0 = Debug|Any CPU
		{060BB51B-546B-47C0-9C08-9D046279A33B}.Release|Any CPU.ActiveCfg = Release|Any CPU
		{060BB51B-546B-47C0-9C08-9D046279A33B}.Release|Any CPU.Build.0 = Release|Any CPU
	EndGlobalSection
	GlobalSection(SolutionProperties) = preSolution
		HideSolutionNode = FALSE
	EndGlobalSection
	GlobalSection(ExtensibilityGlobals) = postSolution
		SolutionGuid = {11D85BF3-3E60-4241-B199-AAD043E8E8CD}
	EndGlobalSection
EndGlobal
